
Microsoft Visual Studio Solution File, Format Version 12.00
# Visual Studio Version 16
VisualStudioVersion = 16.0.30011.22
MinimumVisualStudioVersion = 10.0.40219.1
Project("{FAE04EC0-301F-11D3-BF4B-00C04F79EFBC}") = "3.0", "3.0\3.0.csproj", "{4957B26E-514E-4FA9-B9BC-37FFACD4F476}"
EndProject
Global
	GlobalSection(SolutionConfigurationPlatforms) = preSolution
		Debug|Any CPU = Debug|Any CPU
		Release|Any CPU = Release|Any CPU
	EndGlobalSection
	GlobalSection(ProjectConfigurationPlatforms) = postSolution
		{4957B26E-514E-4FA9-B9BC-37FFACD4F476}.Debug|Any CPU.ActiveCfg = Debug|Any CPU
		{4957B26E-514E-4FA9-B9BC-37FFACD4F476}.Debug|Any CPU.Build.0 = Debug|Any CPU
		{4957B26E-514E-4FA9-B9BC-37FFACD4F476}.Release|Any CPU.ActiveCfg = Release|Any CPU
		{4957B26E-514E-4FA9-B9BC-37FFACD4F476}.Release|Any CPU.Build.0 = Release|Any CPU
	EndGlobalSection
	GlobalSection(SolutionProperties) = preSolution
		HideSolutionNode = FALSE
	EndGlobalSection
	GlobalSection(ExtensibilityGlobals) = postSolution
		SolutionGuid = {4ACA0273-0162-4E23-9BBC-6E4D279F2281}
	EndGlobalSection
EndGlobal
